
Microsoft Visual Studio Solution File, Format Version 12.00
# Visual Studio 15
Project("{FAE04EC0-301F-11D3-BF4B-00C04F79EFBC}") = "API.KingAttorney", "API.KingAttorney.csproj", "{A3F1B7E6-3968-43C8-BF49-472EEFA8072F}"
EndProject
Project("{FAE04EC0-301F-11D3-BF4B-00C04F79EFBC}") = "WebAdmin_KingAnttorny", "..\..\WebAdmin_KingAnttorny\WebAdmin_KingAnttorny.csproj", "{37A46D32-12CA-4585-96CB-686386A9BA62}"
EndProject
Global
	GlobalSection(SolutionConfigurationPlatforms) = preSolution
		Debug|Any CPU = Debug|Any CPU
		Release|Any CPU = Release|Any CPU
	EndGlobalSection
	GlobalSection(ProjectConfigurationPlatforms) = postSolution
		{A3F1B7E6-3968-43C8-BF49-472EEFA8072F}.Debug|Any CPU.ActiveCfg = Debug|Any CPU
		{A3F1B7E6-3968-43C8-BF49-472EEFA8072F}.Debug|Any CPU.Build.0 = Debug|Any CPU
		{A3F1B7E6-3968-43C8-BF49-472EEFA8072F}.Release|Any CPU.ActiveCfg = Release|Any CPU
		{A3F1B7E6-3968-43C8-BF49-472EEFA8072F}.Release|Any CPU.Build.0 = Release|Any CPU
		{37A46D32-12CA-4585-96CB-686386A9BA62}.Debug|Any CPU.ActiveCfg = Debug|Any CPU
		{37A46D32-12CA-4585-96CB-686386A9BA62}.Debug|Any CPU.Build.0 = Debug|Any CPU
		{37A46D32-12CA-4585-96CB-686386A9BA62}.Release|Any CPU.ActiveCfg = Release|Any CPU
		{37A46D32-12CA-4585-96CB-686386A9BA62}.Release|Any CPU.Build.0 = Release|Any CPU
	EndGlobalSection
EndGlobal
